
Microsoft Visual Studio Solution File, Format Version 12.00
# Visual Studio Version 16
VisualStudioVersion = 16.0.28803.202
MinimumVisualStudioVersion = 10.0.40219.1
Project("{9A19103F-16F7-4668-BE54-9A1E7A4F7556}") = "p_hello_library", "p_hello_library\p_hello_library.csproj", "{AFFB0796-9284-4AF1-9D94-1257242A3FCF}"
EndProject
Project("{FAE04EC0-301F-11D3-BF4B-00C04F79EFBC}") = "p_hello_wpf", "p_hello_wpf\p_hello_wpf.csproj", "{C6B7EE1E-1FF8-42DE-8F11-FE4C7488B01B}"
EndProject
Project("{9A19103F-16F7-4668-BE54-9A1E7A4F7556}") = "p_hello_api", "p_hello_api\p_hello_api.csproj", "{7AA3A1C4-C1CF-441E-BC11-68DED202AD5A}"
EndProject
Project("{FAE04EC0-301F-11D3-BF4B-00C04F79EFBC}") = "p_hello_xamarin.UWP", "p_hello_xamarin\p_hello_xamarin.UWP\p_hello_xamarin.UWP.csproj", "{A2CA31C1-2F20-44E7-8AC0-A1FA181C236E}"
EndProject
Project("{FAE04EC0-301F-11D3-BF4B-00C04F79EFBC}") = "p_hello_xamarin.Android", "p_hello_xamarin\p_hello_xamarin.Android\p_hello_xamarin.Android.csproj", "{46F881B6-771F-46D4-B110-7C5664B533A0}"
EndProject
Project("{FAE04EC0-301F-11D3-BF4B-00C04F79EFBC}") = "p_hello_xamarin.iOS", "p_hello_xamarin\p_hello_xamarin.iOS\p_hello_xamarin.iOS.csproj", "{F86A811C-7D38-4417-9D6A-AF64A51888EF}"
EndProject
Project("{FAE04EC0-301F-11D3-BF4B-00C04F79EFBC}") = "p_hello_xamarin", "p_hello_xamarin\p_hello_xamarin\p_hello_xamarin.csproj", "{27F7E596-1C17-4FAA-BAA1-05CADBC1B0DC}"
EndProject
Global
	GlobalSection(SolutionConfigurationPlatforms) = preSolution
		Debug|Any CPU = Debug|Any CPU
		Debug|ARM = Debug|ARM
		Debug|iPhone = Debug|iPhone
		Debug|iPhoneSimulator = Debug|iPhoneSimulator
		Debug|x64 = Debug|x64
		Debug|x86 = Debug|x86
		Release|Any CPU = Release|Any CPU
		Release|ARM = Release|ARM
		Release|iPhone = Release|iPhone
		Release|iPhoneSimulator = Release|iPhoneSimulator
		Release|x64 = Release|x64
		Release|x86 = Release|x86
	EndGlobalSection
	GlobalSection(ProjectConfigurationPlatforms) = postSolution
		{AFFB0796-9284-4AF1-9D94-1257242A3FCF}.Debug|Any CPU.ActiveCfg = Debug|Any CPU
		{AFFB0796-9284-4AF1-9D94-1257242A3FCF}.Debug|Any CPU.Build.0 = Debug|Any CPU
		{AFFB0796-9284-4AF1-9D94-1257242A3FCF}.Debug|ARM.ActiveCfg = Debug|Any CPU
		{AFFB0796-9284-4AF1-9D94-1257242A3FCF}.Debug|ARM.Build.0 = Debug|Any CPU
		{AFFB0796-9284-4AF1-9D94-1257242A3FCF}.Debug|iPhone.ActiveCfg = Debug|Any CPU
		{AFFB0796-9284-4AF1-9D94-1257242A3FCF}.Debug|iPhone.Build.0 = Debug|Any CPU
		{AFFB0796-9284-4AF1-9D94-1257242A3FCF}.Debug|iPhoneSimulator.ActiveCfg = Debug|Any CPU
		{AFFB0796-9284-4AF1-9D94-1257242A3FCF}.Debug|iPhoneSimulator.Build.0 = Debug|Any CPU
		{AFFB0796-9284-4AF1-9D94-1257242A3FCF}.Debug|x64.ActiveCfg = Debug|Any CPU
		{AFFB0796-9284-4AF1-9D94-1257242A3FCF}.Debug|x64.Build.0 = Debug|Any CPU
		{AFFB0796-9284-4AF1-9D94-1257242A3FCF}.Debug|x86.ActiveCfg = Debug|Any CPU
		{AFFB0796-9284-4AF1-9D94-1257242A3FCF}.Debug|x86.Build.0 = Debug|Any CPU
		{AFFB0796-9284-4AF1-9D94-1257242A3FCF}.Release|Any CPU.ActiveCfg = Release|Any CPU
		{AFFB0796-9284-4AF1-9D94-1257242A3FCF}.Release|Any CPU.Build.0 = Release|Any CPU
		{AFFB0796-9284-4AF1-9D94-1257242A3FCF}.Release|ARM.ActiveCfg = Release|Any CPU
		{AFFB0796-9284-4AF1-9D94-1257242A3FCF}.Release|ARM.Build.0 = Release|Any CPU
		{AFFB0796-9284-4AF1-9D94-1257242A3FCF}.Release|iPhone.ActiveCfg = Release|Any CPU
		{AFFB0796-9284-4AF1-9D94-1257242A3FCF}.Release|iPhone.Build.0 = Release|Any CPU
		{AFFB0796-9284-4AF1-9D94-1257242A3FCF}.Release|iPhoneSimulator.ActiveCfg = Release|Any CPU
		{AFFB0796-9284-4AF1-9D94-1257242A3FCF}.Release|iPhoneSimulator.Build.0 = Release|Any CPU
		{AFFB0796-9284-4AF1-9D94-1257242A3FCF}.Release|x64.ActiveCfg = Release|Any CPU
		{AFFB0796-9284-4AF1-9D94-1257242A3FCF}.Release|x64.Build.0 = Release|Any CPU
		{AFFB0796-9284-4AF1-9D94-1257242A3FCF}.Release|x86.ActiveCfg = Release|Any CPU
		{AFFB0796-9284-4AF1-9D94-1257242A3FCF}.Release|x86.Build.0 = Release|Any CPU
		{C6B7EE1E-1FF8-42DE-8F11-FE4C7488B01B}.Debug|Any CPU.ActiveCfg = Release|Any CPU
		{C6B7EE1E-1FF8-42DE-8F11-FE4C7488B01B}.Debug|Any CPU.Build.0 = Release|Any CPU
		{C6B7EE1E-1FF8-42DE-8F11-FE4C7488B01B}.Debug|ARM.ActiveCfg = Release|Any CPU
		{C6B7EE1E-1FF8-42DE-8F11-FE4C7488B01B}.Debug|ARM.Build.0 = Release|Any CPU
		{C6B7EE1E-1FF8-42DE-8F11-FE4C7488B01B}.Debug|iPhone.ActiveCfg = Release|Any CPU
		{C6B7EE1E-1FF8-42DE-8F11-FE4C7488B01B}.Debug|iPhone.Build.0 = Release|Any CPU
		{C6B7EE1E-1FF8-42DE-8F11-FE4C7488B01B}.Debug|iPhoneSimulator.ActiveCfg = Release|Any CPU
		{C6B7EE1E-1FF8-42DE-8F11-FE4C7488B01B}.Debug|iPhoneSimulator.Build.0 = Release|Any CPU
		{C6B7EE1E-1FF8-42DE-8F11-FE4C7488B01B}.Debug|x64.ActiveCfg = Release|Any CPU
		{C6B7EE1E-1FF8-42DE-8F11-FE4C7488B01B}.Debug|x64.Build.0 = Release|Any CPU
		{C6B7EE1E-1FF8-42DE-8F11-FE4C7488B01B}.Debug|x86.ActiveCfg = Release|Any CPU
		{C6B7EE1E-1FF8-42DE-8F11-FE4C7488B01B}.Debug|x86.Build.0 = Release|Any CPU
		{C6B7EE1E-1FF8-42DE-8F11-FE4C7488B01B}.Release|Any CPU.ActiveCfg = Release|Any CPU
		{C6B7EE1E-1FF8-42DE-8F11-FE4C7488B01B}.Release|Any CPU.Build.0 = Release|Any CPU
		{C6B7EE1E-1FF8-42DE-8F11-FE4C7488B01B}.Release|ARM.ActiveCfg = Release|Any CPU
		{C6B7EE1E-1FF8-42DE-8F11-FE4C7488B01B}.Release|ARM.Build.0 = Release|Any CPU
		{C6B7EE1E-1FF8-42DE-8F11-FE4C7488B01B}.Release|iPhone.ActiveCfg = Release|Any CPU
		{C6B7EE1E-1FF8-42DE-8F11-FE4C7488B01B}.Release|iPhone.Build.0 = Release|Any CPU
		{C6B7EE1E-1FF8-42DE-8F11-FE4C7488B01B}.Release|iPhoneSimulator.ActiveCfg = Release|Any CPU
		{C6B7EE1E-1FF8-42DE-8F11-FE4C7488B01B}.Release|iPhoneSimulator.Build.0 = Release|Any CPU
		{C6B7EE1E-1FF8-42DE-8F11-FE4C7488B01B}.Release|x64.ActiveCfg = Release|Any CPU
		{C6B7EE1E-1FF8-42DE-8F11-FE4C7488B01B}.Release|x64.Build.0 = Release|Any CPU
		{C6B7EE1E-1FF8-42DE-8F11-FE4C7488B01B}.Release|x86.ActiveCfg = Release|Any CPU
		{C6B7EE1E-1FF8-42DE-8F11-FE4C7488B01B}.Release|x86.Build.0 = Release|Any CPU
		{7AA3A1C4-C1CF-441E-BC11-68DED202AD5A}.Debug|Any CPU.ActiveCfg = Debug|Any CPU
		{7AA3A1C4-C1CF-441E-BC11-68DED202AD5A}.Debug|Any CPU.Build.0 = Debug|Any CPU
		{7AA3A1C4-C1CF-441E-BC11-68DED202AD5A}.Debug|ARM.ActiveCfg = Debug|Any CPU
		{7AA3A1C4-C1CF-441E-BC11-68DED202AD5A}.Debug|ARM.Build.0 = Debug|Any CPU
		{7AA3A1C4-C1CF-441E-BC11-68DED202AD5A}.Debug|iPhone.ActiveCfg = Debug|Any CPU
		{7AA3A1C4-C1CF-441E-BC11-68DED202AD5A}.Debug|iPhone.Build.0 = Debug|Any CPU
		{7AA3A1C4-C1CF-441E-BC11-68DED202AD5A}.Debug|iPhoneSimulator.ActiveCfg = Debug|Any CPU
		{7AA3A1C4-C1CF-441E-BC11-68DED202AD5A}.Debug|iPhoneSimulator.Build.0 = Debug|Any CPU
		{7AA3A1C4-C1CF-441E-BC11-68DED202AD5A}.Debug|x64.ActiveCfg = Debug|Any CPU
		{7AA3A1C4-C1CF-441E-BC11-68DED202AD5A}.Debug|x64.Build.0 = Debug|Any CPU
		{7AA3A1C4-C1CF-441E-BC11-68DED202AD5A}.Debug|x86.ActiveCfg = Debug|Any CPU
		{7AA3A1C4-C1CF-441E-BC11-68DED202AD5A}.Debug|x86.Build.0 = Debug|Any CPU
		{7AA3A1C4-C1CF-441E-BC11-68DED202AD5A}.Release|Any CPU.ActiveCfg = Release|Any CPU
		{7AA3A1C4-C1CF-441E-BC11-68DED202AD5A}.Release|Any CPU.Build.0 = Release|Any CPU
		{7AA3A1C4-C1CF-441E-BC11-68DED202AD5A}.Release|ARM.ActiveCfg = Release|Any CPU
		{7AA3A1C4-C1CF-441E-BC11-68DED202AD5A}.Release|ARM.Build.0 = Release|Any CPU
		{7AA3A1C4-C1CF-441E-BC11-68DED202AD5A}.Release|iPhone.ActiveCfg = Release|Any CPU
		{7AA3A1C4-C1CF-441E-BC11-68DED202AD5A}.Release|iPhone.Build.0 = Release|Any CPU
		{7AA3A1C4-C1CF-441E-BC11-68DED202AD5A}.Release|iPhoneSimulator.ActiveCfg = Release|Any CPU
		{7AA3A1C4-C1CF-441E-BC11-68DED202AD5A}.Release|iPhoneSimulator.Build.0 = Release|Any CPU
		{7AA3A1C4-C1CF-441E-BC11-68DED202AD5A}.Release|x64.ActiveCfg = Release|Any CPU
		{7AA3A1C4-C1CF-441E-BC11-68DED202AD5A}.Release|x64.Build.0 = Release|Any CPU
		{7AA3A1C4-C1CF-441E-BC11-68DED202AD5A}.Release|x86.ActiveCfg = Release|Any CPU
		{7AA3A1C4-C1CF-441E-BC11-68DED202AD5A}.Release|x86.Build.0 = Release|Any CPU
		{A2CA31C1-2F20-44E7-8AC0-A1FA181C236E}.Debug|Any CPU.ActiveCfg = Debug|x86
		{A2CA31C1-2F20-44E7-8AC0-A1FA181C236E}.Debug|ARM.ActiveCfg = Debug|ARM
		{A2CA31C1-2F20-44E7-8AC0-A1FA181C236E}.Debug|ARM.Build.0 = Debug|ARM
		{A2CA31C1-2F20-44E7-8AC0-A1FA181C236E}.Debug|ARM.Deploy.0 = Debug|ARM
		{A2CA31C1-2F20-44E7-8AC0-A1FA181C236E}.Debug|iPhone.ActiveCfg = Debug|x86
		{A2CA31C1-2F20-44E7-8AC0-A1FA181C236E}.Debug|iPhoneSimulator.ActiveCfg = Debug|x86
		{A2CA31C1-2F20-44E7-8AC0-A1FA181C236E}.Debug|x64.ActiveCfg = Debug|x64
		{A2CA31C1-2F20-44E7-8AC0-A1FA181C236E}.Debug|x64.Build.0 = Debug|x64
		{A2CA31C1-2F20-44E7-8AC0-A1FA181C236E}.Debug|x64.Deploy.0 = Debug|x64
		{A2CA31C1-2F20-44E7-8AC0-A1FA181C236E}.Debug|x86.ActiveCfg = Debug|x86
		{A2CA31C1-2F20-44E7-8AC0-A1FA181C236E}.Debug|x86.Build.0 = Debug|x86
		{A2CA31C1-2F20-44E7-8AC0-A1FA181C236E}.Debug|x86.Deploy.0 = Debug|x86
		{A2CA31C1-2F20-44E7-8AC0-A1FA181C236E}.Release|Any CPU.ActiveCfg = Release|x86
		{A2CA31C1-2F20-44E7-8AC0-A1FA181C236E}.Release|ARM.ActiveCfg = Release|ARM
		{A2CA31C1-2F20-44E7-8AC0-A1FA181C236E}.Release|ARM.Build.0 = Release|ARM
		{A2CA31C1-2F20-44E7-8AC0-A1FA181C236E}.Release|ARM.Deploy.0 = Release|ARM
		{A2CA31C1-2F20-44E7-8AC0-A1FA181C236E}.Release|iPhone.ActiveCfg = Release|x86
		{A2CA31C1-2F20-44E7-8AC0-A1FA181C236E}.Release|iPhoneSimulator.ActiveCfg = Release|x86
		{A2CA31C1-2F20-44E7-8AC0-A1FA181C236E}.Release|x64.ActiveCfg = Release|x64
		{A2CA31C1-2F20-44E7-8AC0-A1FA181C236E}.Release|x64.Build.0 = Release|x64
		{A2CA31C1-2F20-44E7-8AC0-A1FA181C236E}.Release|x64.Deploy.0 = Release|x64
		{A2CA31C1-2F20-44E7-8AC0-A1FA181C236E}.Release|x86.ActiveCfg = Release|x86
		{A2CA31C1-2F20-44E7-8AC0-A1FA181C236E}.Release|x86.Build.0 = Release|x86
		{A2CA31C1-2F20-44E7-8AC0-A1FA181C236E}.Release|x86.Deploy.0 = Release|x86
		{46F881B6-771F-46D4-B110-7C5664B533A0}.Debug|Any CPU.ActiveCfg = Debug|Any CPU
		{46F881B6-771F-46D4-B110-7C5664B533A0}.Debug|Any CPU.Build.0 = Debug|Any CPU
		{46F881B6-771F-46D4-B110-7C5664B533A0}.Debug|Any CPU.Deploy.0 = Debug|Any CPU
		{46F881B6-771F-46D4-B110-7C5664B533A0}.Debug|ARM.ActiveCfg = Debug|Any CPU
		{46F881B6-771F-46D4-B110-7C5664B533A0}.Debug|ARM.Build.0 = Debug|Any CPU
		{46F881B6-771F-46D4-B110-7C5664B533A0}.Debug|ARM.Deploy.0 = Debug|Any CPU
		{46F881B6-771F-46D4-B110-7C5664B533A0}.Debug|iPhone.ActiveCfg = Debug|Any CPU
		{46F881B6-771F-46D4-B110-7C5664B533A0}.Debug|iPhone.Build.0 = Debug|Any CPU
		{46F881B6-771F-46D4-B110-7C5664B533A0}.Debug|iPhone.Deploy.0 = Debug|Any CPU
		{46F881B6-771F-46D4-B110-7C5664B533A0}.Debug|iPhoneSimulator.ActiveCfg = Debug|Any CPU
		{46F881B6-771F-46D4-B110-7C5664B533A0}.Debug|iPhoneSimulator.Build.0 = Debug|Any CPU
		{46F881B6-771F-46D4-B110-7C5664B533A0}.Debug|iPhoneSimulator.Deploy.0 = Debug|Any CPU
		{46F881B6-771F-46D4-B110-7C5664B533A0}.Debug|x64.ActiveCfg = Debug|Any CPU
		{46F881B6-771F-46D4-B110-7C5664B533A0}.Debug|x64.Build.0 = Debug|Any CPU
		{46F881B6-771F-46D4-B110-7C5664B533A0}.Debug|x64.Deploy.0 = Debug|Any CPU
		{46F881B6-771F-46D4-B110-7C5664B533A0}.Debug|x86.ActiveCfg = Debug|Any CPU
		{46F881B6-771F-46D4-B110-7C5664B533A0}.Debug|x86.Build.0 = Debug|Any CPU
		{46F881B6-771F-46D4-B110-7C5664B533A0}.Debug|x86.Deploy.0 = Debug|Any CPU
		{46F881B6-771F-46D4-B110-7C5664B533A0}.Release|Any CPU.ActiveCfg = Release|Any CPU
		{46F881B6-771F-46D4-B110-7C5664B533A0}.Release|Any CPU.Build.0 = Release|Any CPU
		{46F881B6-771F-46D4-B110-7C5664B533A0}.Release|Any CPU.Deploy.0 = Release|Any CPU
		{46F881B6-771F-46D4-B110-7C5664B533A0}.Release|ARM.ActiveCfg = Release|Any CPU
		{46F881B6-771F-46D4-B110-7C5664B533A0}.Release|ARM.Build.0 = Release|Any CPU
		{46F881B6-771F-46D4-B110-7C5664B533A0}.Release|ARM.Deploy.0 = Release|Any CPU
		{46F881B6-771F-46D4-B110-7C5664B533A0}.Release|iPhone.ActiveCfg = Release|Any CPU
		{46F881B6-771F-46D4-B110-7C5664B533A0}.Release|iPhone.Build.0 = Release|Any CPU
		{46F881B6-771F-46D4-B110-7C5664B533A0}.Release|iPhone.Deploy.0 = Release|Any CPU
		{46F881B6-771F-46D4-B110-7C5664B533A0}.Release|iPhoneSimulator.ActiveCfg = Release|Any CPU
		{46F881B6-771F-46D4-B110-7C5664B533A0}.Release|iPhoneSimulator.Build.0 = Release|Any CPU
		{46F881B6-771F-46D4-B110-7C5664B533A0}.Release|iPhoneSimulator.Deploy.0 = Release|Any CPU
		{46F881B6-771F-46D4-B110-7C5664B533A0}.Release|x64.ActiveCfg = Release|Any CPU
		{46F881B6-771F-46D4-B110-7C5664B533A0}.Release|x64.Build.0 = Release|Any CPU
		{46F881B6-771F-46D4-B110-7C5664B533A0}.Release|x64.Deploy.0 = Release|Any CPU
		{46F881B6-771F-46D4-B110-7C5664B533A0}.Release|x86.ActiveCfg = Release|Any CPU
		{46F881B6-771F-46D4-B110-7C5664B533A0}.Release|x86.Build.0 = Release|Any CPU
		{46F881B6-771F-46D4-B110-7C5664B533A0}.Release|x86.Deploy.0 = Release|Any CPU
		{F86A811C-7D38-4417-9D6A-AF64A51888EF}.Debug|Any CPU.ActiveCfg = Debug|iPhone
		{F86A811C-7D38-4417-9D6A-AF64A51888EF}.Debug|ARM.ActiveCfg = Debug|iPhone
		{F86A811C-7D38-4417-9D6A-AF64A51888EF}.Debug|iPhone.ActiveCfg = Debug|iPhone
		{F86A811C-7D38-4417-9D6A-AF64A51888EF}.Debug|iPhone.Build.0 = Debug|iPhone
		{F86A811C-7D38-4417-9D6A-AF64A51888EF}.Debug|iPhoneSimulator.ActiveCfg = Debug|iPhoneSimulator
		{F86A811C-7D38-4417-9D6A-AF64A51888EF}.Debug|iPhoneSimulator.Build.0 = Debug|iPhoneSimulator
		{F86A811C-7D38-4417-9D6A-AF64A51888EF}.Debug|x64.ActiveCfg = Debug|iPhone
		{F86A811C-7D38-4417-9D6A-AF64A51888EF}.Debug|x86.ActiveCfg = Debug|iPhone
		{F86A811C-7D38-4417-9D6A-AF64A51888EF}.Release|Any CPU.ActiveCfg = Release|iPhone
		{F86A811C-7D38-4417-9D6A-AF64A51888EF}.Release|ARM.ActiveCfg = Release|iPhone
		{F86A811C-7D38-4417-9D6A-AF64A51888EF}.Release|iPhone.ActiveCfg = Release|iPhone
		{F86A811C-7D38-4417-9D6A-AF64A51888EF}.Release|iPhone.Build.0 = Release|iPhone
		{F86A811C-7D38-4417-9D6A-AF64A51888EF}.Release|iPhoneSimulator.ActiveCfg = Release|iPhoneSimulator
		{F86A811C-7D38-4417-9D6A-AF64A51888EF}.Release|iPhoneSimulator.Build.0 = Release|iPhoneSimulator
		{F86A811C-7D38-4417-9D6A-AF64A51888EF}.Release|x64.ActiveCfg = Release|iPhone
		{F86A811C-7D38-4417-9D6A-AF64A51888EF}.Release|x86.ActiveCfg = Release|iPhone
		{27F7E596-1C17-4FAA-BAA1-05CADBC1B0DC}.Debug|Any CPU.ActiveCfg = Debug|Any CPU
		{27F7E596-1C17-4FAA-BAA1-05CADBC1B0DC}.Debug|Any CPU.Build.0 = Debug|Any CPU
		{27F7E596-1C17-4FAA-BAA1-05CADBC1B0DC}.Debug|ARM.ActiveCfg = Debug|Any CPU
		{27F7E596-1C17-4FAA-BAA1-05CADBC1B0DC}.Debug|ARM.Build.0 = Debug|Any CPU
		{27F7E596-1C17-4FAA-BAA1-05CADBC1B0DC}.Debug|iPhone.ActiveCfg = Debug|Any CPU
		{27F7E596-1C17-4FAA-BAA1-05CADBC1B0DC}.Debug|iPhone.Build.0 = Debug|Any CPU
		{27F7E596-1C17-4FAA-BAA1-05CADBC1B0DC}.Debug|iPhoneSimulator.ActiveCfg = Debug|Any CPU
		{27F7E596-1C17-4FAA-BAA1-05CADBC1B0DC}.Debug|iPhoneSimulator.Build.0 = Debug|Any CPU
		{27F7E596-1C17-4FAA-BAA1-05CADBC1B0DC}.Debug|x64.ActiveCfg = Debug|Any CPU
		{27F7E596-1C17-4FAA-BAA1-05CADBC1B0DC}.Debug|x64.Build.0 = Debug|Any CPU
		{27F7E596-1C17-4FAA-BAA1-05CADBC1B0DC}.Debug|x86.ActiveCfg = Debug|Any CPU
		{27F7E596-1C17-4FAA-BAA1-05CADBC1B0DC}.Debug|x86.Build.0 = Debug|Any CPU
		{27F7E596-1C17-4FAA-BAA1-05CADBC1B0DC}.Release|Any CPU.ActiveCfg = Release|Any CPU
		{27F7E596-1C17-4FAA-BAA1-05CADBC1B0DC}.Release|Any CPU.Build.0 = Release|Any CPU
		{27F7E596-1C17-4FAA-BAA1-05CADBC1B0DC}.Release|ARM.ActiveCfg = Release|Any CPU
		{27F7E596-1C17-4FAA-BAA1-05CADBC1B0DC}.Release|ARM.Build.0 = Release|Any CPU
		{27F7E596-1C17-4FAA-BAA1-05CADBC1B0DC}.Release|iPhone.ActiveCfg = Release|Any CPU
		{27F7E596-1C17-4FAA-BAA1-05CADBC1B0DC}.Release|iPhone.Build.0 = Release|Any CPU
		{27F7E596-1C17-4FAA-BAA1-05CADBC1B0DC}.Release|iPhoneSimulator.ActiveCfg = Release|Any CPU
		{27F7E596-1C17-4FAA-BAA1-05CADBC1B0DC}.Release|iPhoneSimulator.Build.0 = Release|Any CPU
		{27F7E596-1C17-4FAA-BAA1-05CADBC1B0DC}.Release|x64.ActiveCfg = Release|Any CPU
		{27F7E596-1C17-4FAA-BAA1-05CADBC1B0DC}.Release|x64.Build.0 = Release|Any CPU
		{27F7E596-1C17-4FAA-BAA1-05CADBC1B0DC}.Release|x86.ActiveCfg = Release|Any CPU
		{27F7E596-1C17-4FAA-BAA1-05CADBC1B0DC}.Release|x86.Build.0 = Release|Any CPU
	EndGlobalSection
	GlobalSection(SolutionProperties) = preSolution
		HideSolutionNode = FALSE
	EndGlobalSection
	GlobalSection(ExtensibilityGlobals) = postSolution
		SolutionGuid = {C55D1060-670D-4DB7-8FE1-B0D0B839E822}
	EndGlobalSection
EndGlobal
