
Microsoft Visual Studio Solution File, Format Version 12.00
# Visual Studio Version 16
VisualStudioVersion = 16.0.28803.202
MinimumVisualStudioVersion = 10.0.40219.1
Project("{9A19103F-16F7-4668-BE54-9A1E7A4F7556}") = "p_hello_library", "p_hello_library\p_hello_library.csproj", "{AFFB0796-9284-4AF1-9D94-1257242A3FCF}"
EndProject
Project("{FAE04EC0-301F-11D3-BF4B-00C04F79EFBC}") = "p_hello_wpf", "p_hello_wpf\p_hello_wpf.csproj", "{C6B7EE1E-1FF8-42DE-8F11-FE4C7488B01B}"
EndProject
Project("{9A19103F-16F7-4668-BE54-9A1E7A4F7556}") = "p_hello_api", "p_hello_api\p_hello_api.csproj", "{7AA3A1C4-C1CF-441E-BC11-68DED202AD5A}"
EndProject
Project("{FAE04EC0-301F-11D3-BF4B-00C04F79EFBC}") = "p_hello_xamarin.Android", "p_hello_xamarin\p_hello_xamarin.Android\p_hello_xamarin.Android.csproj", "{17675F53-13DF-4295-9BF4-F06E23E9518A}"
EndProject
Project("{9A19103F-16F7-4668-BE54-9A1E7A4F7556}") = "p_hello_xamarin", "p_hello_xamarin\p_hello_xamarin\p_hello_xamarin.csproj", "{861F32B5-9A1B-4F8D-BC6A-B8B48FEC11C3}"
EndProject
Project("{FAE04EC0-301F-11D3-BF4B-00C04F79EFBC}") = "hello_hybrid.Android", "hello_hybrid\hello_hybrid.Android\hello_hybrid.Android.csproj", "{E302C63B-1016-4EB7-A981-2AD03EA2F942}"
EndProject
Project("{FAE04EC0-301F-11D3-BF4B-00C04F79EFBC}") = "hello_hybrid", "hello_hybrid\hello_hybrid\hello_hybrid.csproj", "{6046B30F-8E9A-4AE7-9BE6-F3DFA00DA03D}"
EndProject
Global
	GlobalSection(SolutionConfigurationPlatforms) = preSolution
		Debug|Any CPU = Debug|Any CPU
		Release|Any CPU = Release|Any CPU
	EndGlobalSection
	GlobalSection(ProjectConfigurationPlatforms) = postSolution
		{AFFB0796-9284-4AF1-9D94-1257242A3FCF}.Debug|Any CPU.ActiveCfg = Debug|Any CPU
		{AFFB0796-9284-4AF1-9D94-1257242A3FCF}.Debug|Any CPU.Build.0 = Debug|Any CPU
		{AFFB0796-9284-4AF1-9D94-1257242A3FCF}.Release|Any CPU.ActiveCfg = Release|Any CPU
		{AFFB0796-9284-4AF1-9D94-1257242A3FCF}.Release|Any CPU.Build.0 = Release|Any CPU
		{C6B7EE1E-1FF8-42DE-8F11-FE4C7488B01B}.Debug|Any CPU.ActiveCfg = Release|Any CPU
		{C6B7EE1E-1FF8-42DE-8F11-FE4C7488B01B}.Debug|Any CPU.Build.0 = Release|Any CPU
		{C6B7EE1E-1FF8-42DE-8F11-FE4C7488B01B}.Release|Any CPU.ActiveCfg = Release|Any CPU
		{C6B7EE1E-1FF8-42DE-8F11-FE4C7488B01B}.Release|Any CPU.Build.0 = Release|Any CPU
		{7AA3A1C4-C1CF-441E-BC11-68DED202AD5A}.Debug|Any CPU.ActiveCfg = Debug|Any CPU
		{7AA3A1C4-C1CF-441E-BC11-68DED202AD5A}.Debug|Any CPU.Build.0 = Debug|Any CPU
		{7AA3A1C4-C1CF-441E-BC11-68DED202AD5A}.Release|Any CPU.ActiveCfg = Release|Any CPU
		{7AA3A1C4-C1CF-441E-BC11-68DED202AD5A}.Release|Any CPU.Build.0 = Release|Any CPU
		{17675F53-13DF-4295-9BF4-F06E23E9518A}.Debug|Any CPU.ActiveCfg = Debug|Any CPU
		{17675F53-13DF-4295-9BF4-F06E23E9518A}.Debug|Any CPU.Build.0 = Debug|Any CPU
		{17675F53-13DF-4295-9BF4-F06E23E9518A}.Debug|Any CPU.Deploy.0 = Debug|Any CPU
		{17675F53-13DF-4295-9BF4-F06E23E9518A}.Release|Any CPU.ActiveCfg = Release|Any CPU
		{17675F53-13DF-4295-9BF4-F06E23E9518A}.Release|Any CPU.Build.0 = Release|Any CPU
		{17675F53-13DF-4295-9BF4-F06E23E9518A}.Release|Any CPU.Deploy.0 = Release|Any CPU
		{861F32B5-9A1B-4F8D-BC6A-B8B48FEC11C3}.Debug|Any CPU.ActiveCfg = Debug|Any CPU
		{861F32B5-9A1B-4F8D-BC6A-B8B48FEC11C3}.Debug|Any CPU.Build.0 = Debug|Any CPU
		{861F32B5-9A1B-4F8D-BC6A-B8B48FEC11C3}.Release|Any CPU.ActiveCfg = Release|Any CPU
		{861F32B5-9A1B-4F8D-BC6A-B8B48FEC11C3}.Release|Any CPU.Build.0 = Release|Any CPU
		{E302C63B-1016-4EB7-A981-2AD03EA2F942}.Debug|Any CPU.ActiveCfg = Debug|Any CPU
		{E302C63B-1016-4EB7-A981-2AD03EA2F942}.Debug|Any CPU.Build.0 = Debug|Any CPU
		{E302C63B-1016-4EB7-A981-2AD03EA2F942}.Debug|Any CPU.Deploy.0 = Debug|Any CPU
		{E302C63B-1016-4EB7-A981-2AD03EA2F942}.Release|Any CPU.ActiveCfg = Release|Any CPU
		{E302C63B-1016-4EB7-A981-2AD03EA2F942}.Release|Any CPU.Build.0 = Release|Any CPU
		{E302C63B-1016-4EB7-A981-2AD03EA2F942}.Release|Any CPU.Deploy.0 = Release|Any CPU
		{6046B30F-8E9A-4AE7-9BE6-F3DFA00DA03D}.Debug|Any CPU.ActiveCfg = Debug|Any CPU
		{6046B30F-8E9A-4AE7-9BE6-F3DFA00DA03D}.Debug|Any CPU.Build.0 = Debug|Any CPU
		{6046B30F-8E9A-4AE7-9BE6-F3DFA00DA03D}.Release|Any CPU.ActiveCfg = Release|Any CPU
		{6046B30F-8E9A-4AE7-9BE6-F3DFA00DA03D}.Release|Any CPU.Build.0 = Release|Any CPU
	EndGlobalSection
	GlobalSection(SolutionProperties) = preSolution
		HideSolutionNode = FALSE
	EndGlobalSection
	GlobalSection(ExtensibilityGlobals) = postSolution
		SolutionGuid = {C55D1060-670D-4DB7-8FE1-B0D0B839E822}
	EndGlobalSection
EndGlobal
