
Microsoft Visual Studio Solution File, Format Version 12.00
# Visual Studio Version 16
VisualStudioVersion = 16.0.29020.237
MinimumVisualStudioVersion = 10.0.40219.1
Project("{FAE04EC0-301F-11D3-BF4B-00C04F79EFBC}") = "scintific_Calculator_AhmedAhmedAbdulRahim", "scintific_Calculator_AhmedAhmedAbdulRahim\scintific_Calculator_AhmedAhmedAbdulRahim.csproj", "{7B94B845-DC12-4E5F-A61E-405ABD260D69}"
EndProject
Project("{FAE04EC0-301F-11D3-BF4B-00C04F79EFBC}") = "Scientfic_calculator_AhmedAhmedAbdulRaim", "..\Scientfic_calculator_AhmedAhmedAbdulRaim\Scientfic_calculator_AhmedAhmedAbdulRaim.csproj", "{91089382-3936-4844-A53D-FFE97FCA7333}"
EndProject
Global
	GlobalSection(SolutionConfigurationPlatforms) = preSolution
		Debug|Any CPU = Debug|Any CPU
		Release|Any CPU = Release|Any CPU
	EndGlobalSection
	GlobalSection(ProjectConfigurationPlatforms) = postSolution
		{7B94B845-DC12-4E5F-A61E-405ABD260D69}.Debug|Any CPU.ActiveCfg = Debug|Any CPU
		{7B94B845-DC12-4E5F-A61E-405ABD260D69}.Debug|Any CPU.Build.0 = Debug|Any CPU
		{7B94B845-DC12-4E5F-A61E-405ABD260D69}.Release|Any CPU.ActiveCfg = Release|Any CPU
		{7B94B845-DC12-4E5F-A61E-405ABD260D69}.Release|Any CPU.Build.0 = Release|Any CPU
		{91089382-3936-4844-A53D-FFE97FCA7333}.Debug|Any CPU.ActiveCfg = Debug|Any CPU
		{91089382-3936-4844-A53D-FFE97FCA7333}.Debug|Any CPU.Build.0 = Debug|Any CPU
		{91089382-3936-4844-A53D-FFE97FCA7333}.Release|Any CPU.ActiveCfg = Release|Any CPU
		{91089382-3936-4844-A53D-FFE97FCA7333}.Release|Any CPU.Build.0 = Release|Any CPU
	EndGlobalSection
	GlobalSection(SolutionProperties) = preSolution
		HideSolutionNode = FALSE
	EndGlobalSection
	GlobalSection(ExtensibilityGlobals) = postSolution
		SolutionGuid = {64073BBD-98F5-4871-9B7C-1B5089A9FEEE}
	EndGlobalSection
EndGlobal
