
Microsoft Visual Studio Solution File, Format Version 12.00
# Visual Studio Version 16
VisualStudioVersion = 16.0.30320.27
MinimumVisualStudioVersion = 10.0.40219.1
Project("{FAE04EC0-301F-11D3-BF4B-00C04F79EFBC}") = "w_aladdin", "w_aladdin\w_aladdin.csproj", "{B85A7FC1-0287-4DB6-B93E-2AF71083926C}"
EndProject
Global
	GlobalSection(SolutionConfigurationPlatforms) = preSolution
		Debug|Any CPU = Debug|Any CPU
		Release|Any CPU = Release|Any CPU
	EndGlobalSection
	GlobalSection(ProjectConfigurationPlatforms) = postSolution
		{B85A7FC1-0287-4DB6-B93E-2AF71083926C}.Debug|Any CPU.ActiveCfg = Debug|Any CPU
		{B85A7FC1-0287-4DB6-B93E-2AF71083926C}.Debug|Any CPU.Build.0 = Debug|Any CPU
		{B85A7FC1-0287-4DB6-B93E-2AF71083926C}.Release|Any CPU.ActiveCfg = Release|Any CPU
		{B85A7FC1-0287-4DB6-B93E-2AF71083926C}.Release|Any CPU.Build.0 = Release|Any CPU
	EndGlobalSection
	GlobalSection(SolutionProperties) = preSolution
		HideSolutionNode = FALSE
	EndGlobalSection
	GlobalSection(ExtensibilityGlobals) = postSolution
		SolutionGuid = {315B3C6C-61EE-478C-8655-C86108468632}
	EndGlobalSection
EndGlobal
