
Microsoft Visual Studio Solution File, Format Version 12.00
# Visual Studio Version 16
VisualStudioVersion = 16.0.31229.75
MinimumVisualStudioVersion = 10.0.40219.1
Project("{FAE04EC0-301F-11D3-BF4B-00C04F79EFBC}") = "p_scratchy.Android", "p_scratchy\p_scratchy.Android\p_scratchy.Android.csproj", "{5A1325E2-939A-4307-B2BF-EA76FEB290CC}"
EndProject
Project("{FAE04EC0-301F-11D3-BF4B-00C04F79EFBC}") = "p_scratchy", "p_scratchy\p_scratchy\p_scratchy.csproj", "{097D855D-55E6-48C6-8C35-A5FA97ADA183}"
EndProject
Global
	GlobalSection(SolutionConfigurationPlatforms) = preSolution
		Debug|Any CPU = Debug|Any CPU
		Release|Any CPU = Release|Any CPU
	EndGlobalSection
	GlobalSection(ProjectConfigurationPlatforms) = postSolution
		{5A1325E2-939A-4307-B2BF-EA76FEB290CC}.Debug|Any CPU.ActiveCfg = Debug|Any CPU
		{5A1325E2-939A-4307-B2BF-EA76FEB290CC}.Debug|Any CPU.Build.0 = Debug|Any CPU
		{5A1325E2-939A-4307-B2BF-EA76FEB290CC}.Debug|Any CPU.Deploy.0 = Debug|Any CPU
		{5A1325E2-939A-4307-B2BF-EA76FEB290CC}.Release|Any CPU.ActiveCfg = Release|Any CPU
		{5A1325E2-939A-4307-B2BF-EA76FEB290CC}.Release|Any CPU.Build.0 = Release|Any CPU
		{5A1325E2-939A-4307-B2BF-EA76FEB290CC}.Release|Any CPU.Deploy.0 = Release|Any CPU
		{097D855D-55E6-48C6-8C35-A5FA97ADA183}.Debug|Any CPU.ActiveCfg = Debug|Any CPU
		{097D855D-55E6-48C6-8C35-A5FA97ADA183}.Debug|Any CPU.Build.0 = Debug|Any CPU
		{097D855D-55E6-48C6-8C35-A5FA97ADA183}.Debug|Any CPU.Deploy.0 = Debug|Any CPU
		{097D855D-55E6-48C6-8C35-A5FA97ADA183}.Release|Any CPU.ActiveCfg = Release|Any CPU
		{097D855D-55E6-48C6-8C35-A5FA97ADA183}.Release|Any CPU.Build.0 = Release|Any CPU
		{097D855D-55E6-48C6-8C35-A5FA97ADA183}.Release|Any CPU.Deploy.0 = Release|Any CPU
	EndGlobalSection
	GlobalSection(SolutionProperties) = preSolution
		HideSolutionNode = FALSE
	EndGlobalSection
	GlobalSection(ExtensibilityGlobals) = postSolution
		SolutionGuid = {A2C3FD91-FF07-4D2F-A2C5-B145E1611AB1}
	EndGlobalSection
EndGlobal
