
Microsoft Visual Studio Solution File, Format Version 12.00
# Visual Studio Version 16
VisualStudioVersion = 16.0.29806.167
MinimumVisualStudioVersion = 10.0.40219.1
Project("{FAE04EC0-301F-11D3-BF4B-00C04F79EFBC}") = "p_hello_xamarin.UWP", "p_hello_xamarin\p_hello_xamarin.UWP\p_hello_xamarin.UWP.csproj", "{2A5DCEA0-347A-404F-920C-D05A994A8E0A}"
EndProject
Project("{FAE04EC0-301F-11D3-BF4B-00C04F79EFBC}") = "p_hello_xamarin.Android", "p_hello_xamarin\p_hello_xamarin.Android\p_hello_xamarin.Android.csproj", "{F3146081-7275-4682-A262-CA8433DE979B}"
EndProject
Project("{FAE04EC0-301F-11D3-BF4B-00C04F79EFBC}") = "p_hello_xamarin.iOS", "p_hello_xamarin\p_hello_xamarin.iOS\p_hello_xamarin.iOS.csproj", "{B866DAA9-0CE3-4370-B290-03D2E14A45AE}"
EndProject
Project("{FAE04EC0-301F-11D3-BF4B-00C04F79EFBC}") = "p_hello_xamarin", "p_hello_xamarin\p_hello_xamarin\p_hello_xamarin.csproj", "{3C832F66-1C78-4A9C-B0DD-9B8756DAA0B8}"
EndProject
Global
	GlobalSection(SolutionConfigurationPlatforms) = preSolution
		Debug|Any CPU = Debug|Any CPU
		Debug|ARM = Debug|ARM
		Debug|iPhone = Debug|iPhone
		Debug|iPhoneSimulator = Debug|iPhoneSimulator
		Debug|x64 = Debug|x64
		Debug|x86 = Debug|x86
		Release|Any CPU = Release|Any CPU
		Release|ARM = Release|ARM
		Release|iPhone = Release|iPhone
		Release|iPhoneSimulator = Release|iPhoneSimulator
		Release|x64 = Release|x64
		Release|x86 = Release|x86
	EndGlobalSection
	GlobalSection(ProjectConfigurationPlatforms) = postSolution
		{2A5DCEA0-347A-404F-920C-D05A994A8E0A}.Debug|Any CPU.ActiveCfg = Debug|x86
		{2A5DCEA0-347A-404F-920C-D05A994A8E0A}.Debug|Any CPU.Build.0 = Debug|x86
		{2A5DCEA0-347A-404F-920C-D05A994A8E0A}.Debug|Any CPU.Deploy.0 = Debug|x86
		{2A5DCEA0-347A-404F-920C-D05A994A8E0A}.Debug|ARM.ActiveCfg = Debug|ARM
		{2A5DCEA0-347A-404F-920C-D05A994A8E0A}.Debug|ARM.Build.0 = Debug|ARM
		{2A5DCEA0-347A-404F-920C-D05A994A8E0A}.Debug|ARM.Deploy.0 = Debug|ARM
		{2A5DCEA0-347A-404F-920C-D05A994A8E0A}.Debug|iPhone.ActiveCfg = Debug|x86
		{2A5DCEA0-347A-404F-920C-D05A994A8E0A}.Debug|iPhone.Build.0 = Debug|x86
		{2A5DCEA0-347A-404F-920C-D05A994A8E0A}.Debug|iPhone.Deploy.0 = Debug|x86
		{2A5DCEA0-347A-404F-920C-D05A994A8E0A}.Debug|iPhoneSimulator.ActiveCfg = Debug|x86
		{2A5DCEA0-347A-404F-920C-D05A994A8E0A}.Debug|iPhoneSimulator.Build.0 = Debug|x86
		{2A5DCEA0-347A-404F-920C-D05A994A8E0A}.Debug|iPhoneSimulator.Deploy.0 = Debug|x86
		{2A5DCEA0-347A-404F-920C-D05A994A8E0A}.Debug|x64.ActiveCfg = Debug|x64
		{2A5DCEA0-347A-404F-920C-D05A994A8E0A}.Debug|x64.Build.0 = Debug|x64
		{2A5DCEA0-347A-404F-920C-D05A994A8E0A}.Debug|x64.Deploy.0 = Debug|x64
		{2A5DCEA0-347A-404F-920C-D05A994A8E0A}.Debug|x86.ActiveCfg = Debug|x86
		{2A5DCEA0-347A-404F-920C-D05A994A8E0A}.Debug|x86.Build.0 = Debug|x86
		{2A5DCEA0-347A-404F-920C-D05A994A8E0A}.Debug|x86.Deploy.0 = Debug|x86
		{2A5DCEA0-347A-404F-920C-D05A994A8E0A}.Release|Any CPU.ActiveCfg = Release|x86
		{2A5DCEA0-347A-404F-920C-D05A994A8E0A}.Release|Any CPU.Build.0 = Release|x86
		{2A5DCEA0-347A-404F-920C-D05A994A8E0A}.Release|Any CPU.Deploy.0 = Release|x86
		{2A5DCEA0-347A-404F-920C-D05A994A8E0A}.Release|ARM.ActiveCfg = Release|ARM
		{2A5DCEA0-347A-404F-920C-D05A994A8E0A}.Release|ARM.Build.0 = Release|ARM
		{2A5DCEA0-347A-404F-920C-D05A994A8E0A}.Release|ARM.Deploy.0 = Release|ARM
		{2A5DCEA0-347A-404F-920C-D05A994A8E0A}.Release|iPhone.ActiveCfg = Release|x86
		{2A5DCEA0-347A-404F-920C-D05A994A8E0A}.Release|iPhone.Build.0 = Release|x86
		{2A5DCEA0-347A-404F-920C-D05A994A8E0A}.Release|iPhone.Deploy.0 = Release|x86
		{2A5DCEA0-347A-404F-920C-D05A994A8E0A}.Release|iPhoneSimulator.ActiveCfg = Release|x86
		{2A5DCEA0-347A-404F-920C-D05A994A8E0A}.Release|iPhoneSimulator.Build.0 = Release|x86
		{2A5DCEA0-347A-404F-920C-D05A994A8E0A}.Release|iPhoneSimulator.Deploy.0 = Release|x86
		{2A5DCEA0-347A-404F-920C-D05A994A8E0A}.Release|x64.ActiveCfg = Release|x64
		{2A5DCEA0-347A-404F-920C-D05A994A8E0A}.Release|x64.Build.0 = Release|x64
		{2A5DCEA0-347A-404F-920C-D05A994A8E0A}.Release|x64.Deploy.0 = Release|x64
		{2A5DCEA0-347A-404F-920C-D05A994A8E0A}.Release|x86.ActiveCfg = Release|x86
		{2A5DCEA0-347A-404F-920C-D05A994A8E0A}.Release|x86.Build.0 = Release|x86
		{2A5DCEA0-347A-404F-920C-D05A994A8E0A}.Release|x86.Deploy.0 = Release|x86
		{F3146081-7275-4682-A262-CA8433DE979B}.Debug|Any CPU.ActiveCfg = Debug|Any CPU
		{F3146081-7275-4682-A262-CA8433DE979B}.Debug|Any CPU.Build.0 = Debug|Any CPU
		{F3146081-7275-4682-A262-CA8433DE979B}.Debug|Any CPU.Deploy.0 = Debug|Any CPU
		{F3146081-7275-4682-A262-CA8433DE979B}.Debug|ARM.ActiveCfg = Debug|Any CPU
		{F3146081-7275-4682-A262-CA8433DE979B}.Debug|ARM.Build.0 = Debug|Any CPU
		{F3146081-7275-4682-A262-CA8433DE979B}.Debug|ARM.Deploy.0 = Debug|Any CPU
		{F3146081-7275-4682-A262-CA8433DE979B}.Debug|iPhone.ActiveCfg = Debug|Any CPU
		{F3146081-7275-4682-A262-CA8433DE979B}.Debug|iPhone.Build.0 = Debug|Any CPU
		{F3146081-7275-4682-A262-CA8433DE979B}.Debug|iPhone.Deploy.0 = Debug|Any CPU
		{F3146081-7275-4682-A262-CA8433DE979B}.Debug|iPhoneSimulator.ActiveCfg = Debug|Any CPU
		{F3146081-7275-4682-A262-CA8433DE979B}.Debug|iPhoneSimulator.Build.0 = Debug|Any CPU
		{F3146081-7275-4682-A262-CA8433DE979B}.Debug|iPhoneSimulator.Deploy.0 = Debug|Any CPU
		{F3146081-7275-4682-A262-CA8433DE979B}.Debug|x64.ActiveCfg = Debug|Any CPU
		{F3146081-7275-4682-A262-CA8433DE979B}.Debug|x64.Build.0 = Debug|Any CPU
		{F3146081-7275-4682-A262-CA8433DE979B}.Debug|x64.Deploy.0 = Debug|Any CPU
		{F3146081-7275-4682-A262-CA8433DE979B}.Debug|x86.ActiveCfg = Debug|Any CPU
		{F3146081-7275-4682-A262-CA8433DE979B}.Debug|x86.Build.0 = Debug|Any CPU
		{F3146081-7275-4682-A262-CA8433DE979B}.Debug|x86.Deploy.0 = Debug|Any CPU
		{F3146081-7275-4682-A262-CA8433DE979B}.Release|Any CPU.ActiveCfg = Release|Any CPU
		{F3146081-7275-4682-A262-CA8433DE979B}.Release|Any CPU.Build.0 = Release|Any CPU
		{F3146081-7275-4682-A262-CA8433DE979B}.Release|Any CPU.Deploy.0 = Release|Any CPU
		{F3146081-7275-4682-A262-CA8433DE979B}.Release|ARM.ActiveCfg = Release|Any CPU
		{F3146081-7275-4682-A262-CA8433DE979B}.Release|ARM.Build.0 = Release|Any CPU
		{F3146081-7275-4682-A262-CA8433DE979B}.Release|ARM.Deploy.0 = Release|Any CPU
		{F3146081-7275-4682-A262-CA8433DE979B}.Release|iPhone.ActiveCfg = Release|Any CPU
		{F3146081-7275-4682-A262-CA8433DE979B}.Release|iPhone.Build.0 = Release|Any CPU
		{F3146081-7275-4682-A262-CA8433DE979B}.Release|iPhone.Deploy.0 = Release|Any CPU
		{F3146081-7275-4682-A262-CA8433DE979B}.Release|iPhoneSimulator.ActiveCfg = Release|Any CPU
		{F3146081-7275-4682-A262-CA8433DE979B}.Release|iPhoneSimulator.Build.0 = Release|Any CPU
		{F3146081-7275-4682-A262-CA8433DE979B}.Release|iPhoneSimulator.Deploy.0 = Release|Any CPU
		{F3146081-7275-4682-A262-CA8433DE979B}.Release|x64.ActiveCfg = Release|Any CPU
		{F3146081-7275-4682-A262-CA8433DE979B}.Release|x64.Build.0 = Release|Any CPU
		{F3146081-7275-4682-A262-CA8433DE979B}.Release|x64.Deploy.0 = Release|Any CPU
		{F3146081-7275-4682-A262-CA8433DE979B}.Release|x86.ActiveCfg = Release|Any CPU
		{F3146081-7275-4682-A262-CA8433DE979B}.Release|x86.Build.0 = Release|Any CPU
		{F3146081-7275-4682-A262-CA8433DE979B}.Release|x86.Deploy.0 = Release|Any CPU
		{B866DAA9-0CE3-4370-B290-03D2E14A45AE}.Debug|Any CPU.ActiveCfg = Debug|iPhone
		{B866DAA9-0CE3-4370-B290-03D2E14A45AE}.Debug|Any CPU.Build.0 = Debug|iPhone
		{B866DAA9-0CE3-4370-B290-03D2E14A45AE}.Debug|Any CPU.Deploy.0 = Debug|iPhone
		{B866DAA9-0CE3-4370-B290-03D2E14A45AE}.Debug|ARM.ActiveCfg = Debug|iPhoneSimulator
		{B866DAA9-0CE3-4370-B290-03D2E14A45AE}.Debug|ARM.Build.0 = Debug|iPhoneSimulator
		{B866DAA9-0CE3-4370-B290-03D2E14A45AE}.Debug|ARM.Deploy.0 = Debug|iPhoneSimulator
		{B866DAA9-0CE3-4370-B290-03D2E14A45AE}.Debug|iPhone.ActiveCfg = Debug|iPhone
		{B866DAA9-0CE3-4370-B290-03D2E14A45AE}.Debug|iPhone.Build.0 = Debug|iPhone
		{B866DAA9-0CE3-4370-B290-03D2E14A45AE}.Debug|iPhone.Deploy.0 = Debug|iPhone
		{B866DAA9-0CE3-4370-B290-03D2E14A45AE}.Debug|iPhoneSimulator.ActiveCfg = Debug|iPhoneSimulator
		{B866DAA9-0CE3-4370-B290-03D2E14A45AE}.Debug|iPhoneSimulator.Build.0 = Debug|iPhoneSimulator
		{B866DAA9-0CE3-4370-B290-03D2E14A45AE}.Debug|iPhoneSimulator.Deploy.0 = Debug|iPhoneSimulator
		{B866DAA9-0CE3-4370-B290-03D2E14A45AE}.Debug|x64.ActiveCfg = Debug|iPhone
		{B866DAA9-0CE3-4370-B290-03D2E14A45AE}.Debug|x64.Build.0 = Debug|iPhone
		{B866DAA9-0CE3-4370-B290-03D2E14A45AE}.Debug|x64.Deploy.0 = Debug|iPhone
		{B866DAA9-0CE3-4370-B290-03D2E14A45AE}.Debug|x86.ActiveCfg = Debug|iPhone
		{B866DAA9-0CE3-4370-B290-03D2E14A45AE}.Debug|x86.Build.0 = Debug|iPhone
		{B866DAA9-0CE3-4370-B290-03D2E14A45AE}.Debug|x86.Deploy.0 = Debug|iPhone
		{B866DAA9-0CE3-4370-B290-03D2E14A45AE}.Release|Any CPU.ActiveCfg = Release|iPhone
		{B866DAA9-0CE3-4370-B290-03D2E14A45AE}.Release|Any CPU.Build.0 = Release|iPhone
		{B866DAA9-0CE3-4370-B290-03D2E14A45AE}.Release|Any CPU.Deploy.0 = Release|iPhone
		{B866DAA9-0CE3-4370-B290-03D2E14A45AE}.Release|ARM.ActiveCfg = Release|iPhone
		{B866DAA9-0CE3-4370-B290-03D2E14A45AE}.Release|ARM.Build.0 = Release|iPhone
		{B866DAA9-0CE3-4370-B290-03D2E14A45AE}.Release|ARM.Deploy.0 = Release|iPhone
		{B866DAA9-0CE3-4370-B290-03D2E14A45AE}.Release|iPhone.ActiveCfg = Release|iPhone
		{B866DAA9-0CE3-4370-B290-03D2E14A45AE}.Release|iPhone.Build.0 = Release|iPhone
		{B866DAA9-0CE3-4370-B290-03D2E14A45AE}.Release|iPhone.Deploy.0 = Release|iPhone
		{B866DAA9-0CE3-4370-B290-03D2E14A45AE}.Release|iPhoneSimulator.ActiveCfg = Release|iPhoneSimulator
		{B866DAA9-0CE3-4370-B290-03D2E14A45AE}.Release|iPhoneSimulator.Build.0 = Release|iPhoneSimulator
		{B866DAA9-0CE3-4370-B290-03D2E14A45AE}.Release|iPhoneSimulator.Deploy.0 = Release|iPhoneSimulator
		{B866DAA9-0CE3-4370-B290-03D2E14A45AE}.Release|x64.ActiveCfg = Release|iPhone
		{B866DAA9-0CE3-4370-B290-03D2E14A45AE}.Release|x64.Build.0 = Release|iPhone
		{B866DAA9-0CE3-4370-B290-03D2E14A45AE}.Release|x64.Deploy.0 = Release|iPhone
		{B866DAA9-0CE3-4370-B290-03D2E14A45AE}.Release|x86.ActiveCfg = Release|iPhone
		{B866DAA9-0CE3-4370-B290-03D2E14A45AE}.Release|x86.Build.0 = Release|iPhone
		{B866DAA9-0CE3-4370-B290-03D2E14A45AE}.Release|x86.Deploy.0 = Release|iPhone
		{3C832F66-1C78-4A9C-B0DD-9B8756DAA0B8}.Debug|Any CPU.ActiveCfg = Debug|Any CPU
		{3C832F66-1C78-4A9C-B0DD-9B8756DAA0B8}.Debug|Any CPU.Build.0 = Debug|Any CPU
		{3C832F66-1C78-4A9C-B0DD-9B8756DAA0B8}.Debug|Any CPU.Deploy.0 = Debug|Any CPU
		{3C832F66-1C78-4A9C-B0DD-9B8756DAA0B8}.Debug|ARM.ActiveCfg = Debug|Any CPU
		{3C832F66-1C78-4A9C-B0DD-9B8756DAA0B8}.Debug|ARM.Build.0 = Debug|Any CPU
		{3C832F66-1C78-4A9C-B0DD-9B8756DAA0B8}.Debug|ARM.Deploy.0 = Debug|Any CPU
		{3C832F66-1C78-4A9C-B0DD-9B8756DAA0B8}.Debug|iPhone.ActiveCfg = Debug|Any CPU
		{3C832F66-1C78-4A9C-B0DD-9B8756DAA0B8}.Debug|iPhone.Build.0 = Debug|Any CPU
		{3C832F66-1C78-4A9C-B0DD-9B8756DAA0B8}.Debug|iPhone.Deploy.0 = Debug|Any CPU
		{3C832F66-1C78-4A9C-B0DD-9B8756DAA0B8}.Debug|iPhoneSimulator.ActiveCfg = Debug|Any CPU
		{3C832F66-1C78-4A9C-B0DD-9B8756DAA0B8}.Debug|iPhoneSimulator.Build.0 = Debug|Any CPU
		{3C832F66-1C78-4A9C-B0DD-9B8756DAA0B8}.Debug|iPhoneSimulator.Deploy.0 = Debug|Any CPU
		{3C832F66-1C78-4A9C-B0DD-9B8756DAA0B8}.Debug|x64.ActiveCfg = Debug|Any CPU
		{3C832F66-1C78-4A9C-B0DD-9B8756DAA0B8}.Debug|x64.Build.0 = Debug|Any CPU
		{3C832F66-1C78-4A9C-B0DD-9B8756DAA0B8}.Debug|x64.Deploy.0 = Debug|Any CPU
		{3C832F66-1C78-4A9C-B0DD-9B8756DAA0B8}.Debug|x86.ActiveCfg = Debug|Any CPU
		{3C832F66-1C78-4A9C-B0DD-9B8756DAA0B8}.Debug|x86.Build.0 = Debug|Any CPU
		{3C832F66-1C78-4A9C-B0DD-9B8756DAA0B8}.Debug|x86.Deploy.0 = Debug|Any CPU
		{3C832F66-1C78-4A9C-B0DD-9B8756DAA0B8}.Release|Any CPU.ActiveCfg = Release|Any CPU
		{3C832F66-1C78-4A9C-B0DD-9B8756DAA0B8}.Release|Any CPU.Build.0 = Release|Any CPU
		{3C832F66-1C78-4A9C-B0DD-9B8756DAA0B8}.Release|Any CPU.Deploy.0 = Release|Any CPU
		{3C832F66-1C78-4A9C-B0DD-9B8756DAA0B8}.Release|ARM.ActiveCfg = Release|Any CPU
		{3C832F66-1C78-4A9C-B0DD-9B8756DAA0B8}.Release|ARM.Build.0 = Release|Any CPU
		{3C832F66-1C78-4A9C-B0DD-9B8756DAA0B8}.Release|ARM.Deploy.0 = Release|Any CPU
		{3C832F66-1C78-4A9C-B0DD-9B8756DAA0B8}.Release|iPhone.ActiveCfg = Release|Any CPU
		{3C832F66-1C78-4A9C-B0DD-9B8756DAA0B8}.Release|iPhone.Build.0 = Release|Any CPU
		{3C832F66-1C78-4A9C-B0DD-9B8756DAA0B8}.Release|iPhone.Deploy.0 = Release|Any CPU
		{3C832F66-1C78-4A9C-B0DD-9B8756DAA0B8}.Release|iPhoneSimulator.ActiveCfg = Release|Any CPU
		{3C832F66-1C78-4A9C-B0DD-9B8756DAA0B8}.Release|iPhoneSimulator.Build.0 = Release|Any CPU
		{3C832F66-1C78-4A9C-B0DD-9B8756DAA0B8}.Release|iPhoneSimulator.Deploy.0 = Release|Any CPU
		{3C832F66-1C78-4A9C-B0DD-9B8756DAA0B8}.Release|x64.ActiveCfg = Release|Any CPU
		{3C832F66-1C78-4A9C-B0DD-9B8756DAA0B8}.Release|x64.Build.0 = Release|Any CPU
		{3C832F66-1C78-4A9C-B0DD-9B8756DAA0B8}.Release|x64.Deploy.0 = Release|Any CPU
		{3C832F66-1C78-4A9C-B0DD-9B8756DAA0B8}.Release|x86.ActiveCfg = Release|Any CPU
		{3C832F66-1C78-4A9C-B0DD-9B8756DAA0B8}.Release|x86.Build.0 = Release|Any CPU
		{3C832F66-1C78-4A9C-B0DD-9B8756DAA0B8}.Release|x86.Deploy.0 = Release|Any CPU
	EndGlobalSection
	GlobalSection(SolutionProperties) = preSolution
		HideSolutionNode = FALSE
	EndGlobalSection
	GlobalSection(ExtensibilityGlobals) = postSolution
		SolutionGuid = {E8BB986B-5825-4794-9177-A977995FC3E2}
	EndGlobalSection
EndGlobal
